
Microsoft Visual Studio Solution File, Format Version 12.00
Project("{FAE04EC0-301F-11D3-BF4B-00C04F79EFBC}") = "JWT1", "JWT1\JWT1.csproj", "{7BA67A89-FBFC-4E20-B049-6613FBE22496}"
EndProject
Global
	GlobalSection(SolutionConfigurationPlatforms) = preSolution
		Debug|Any CPU = Debug|Any CPU
		Release|Any CPU = Release|Any CPU
	EndGlobalSection
	GlobalSection(ProjectConfigurationPlatforms) = postSolution
		{7BA67A89-FBFC-4E20-B049-6613FBE22496}.Debug|Any CPU.ActiveCfg = Debug|Any CPU
		{7BA67A89-FBFC-4E20-B049-6613FBE22496}.Debug|Any CPU.Build.0 = Debug|Any CPU
		{7BA67A89-FBFC-4E20-B049-6613FBE22496}.Release|Any CPU.ActiveCfg = Release|Any CPU
		{7BA67A89-FBFC-4E20-B049-6613FBE22496}.Release|Any CPU.Build.0 = Release|Any CPU
	EndGlobalSection
EndGlobal
